
Microsoft Visual Studio Solution File, Format Version 12.00
# Visual Studio 2013
VisualStudioVersion = 12.0.40629.0
MinimumVisualStudioVersion = 10.0.40219.1
Project("{FAE04EC0-301F-11D3-BF4B-00C04F79EFBC}") = "Sozilan.Data", "Sozilan.Data\Sozilan.Data.csproj", "{C2658B02-C28E-4A8F-B4B6-D2DA4A52EF69}"
EndProject
Project("{FAE04EC0-301F-11D3-BF4B-00C04F79EFBC}") = "Sozilan.UI", "Sozilan.UI\Sozilan.UI.csproj", "{7DC1D3E1-4979-4369-B9B5-1B2723C6FF41}"
EndProject
Project("{FAE04EC0-301F-11D3-BF4B-00C04F79EFBC}") = "Sozilan.Core", "Sozilan.Core\Sozilan.Core.csproj", "{97F2EB59-2589-4E81-8FF4-D2C88B3A9A93}"
EndProject
Global
	GlobalSection(SolutionConfigurationPlatforms) = preSolution
		Debug|Any CPU = Debug|Any CPU
		Release|Any CPU = Release|Any CPU
	EndGlobalSection
	GlobalSection(ProjectConfigurationPlatforms) = postSolution
		{C2658B02-C28E-4A8F-B4B6-D2DA4A52EF69}.Debug|Any CPU.ActiveCfg = Debug|Any CPU
		{C2658B02-C28E-4A8F-B4B6-D2DA4A52EF69}.Debug|Any CPU.Build.0 = Debug|Any CPU
		{C2658B02-C28E-4A8F-B4B6-D2DA4A52EF69}.Release|Any CPU.ActiveCfg = Release|Any CPU
		{C2658B02-C28E-4A8F-B4B6-D2DA4A52EF69}.Release|Any CPU.Build.0 = Release|Any CPU
		{7DC1D3E1-4979-4369-B9B5-1B2723C6FF41}.Debug|Any CPU.ActiveCfg = Debug|Any CPU
		{7DC1D3E1-4979-4369-B9B5-1B2723C6FF41}.Debug|Any CPU.Build.0 = Debug|Any CPU
		{7DC1D3E1-4979-4369-B9B5-1B2723C6FF41}.Release|Any CPU.ActiveCfg = Release|Any CPU
		{7DC1D3E1-4979-4369-B9B5-1B2723C6FF41}.Release|Any CPU.Build.0 = Release|Any CPU
		{97F2EB59-2589-4E81-8FF4-D2C88B3A9A93}.Debug|Any CPU.ActiveCfg = Debug|Any CPU
		{97F2EB59-2589-4E81-8FF4-D2C88B3A9A93}.Debug|Any CPU.Build.0 = Debug|Any CPU
		{97F2EB59-2589-4E81-8FF4-D2C88B3A9A93}.Release|Any CPU.ActiveCfg = Release|Any CPU
		{97F2EB59-2589-4E81-8FF4-D2C88B3A9A93}.Release|Any CPU.Build.0 = Release|Any CPU
	EndGlobalSection
	GlobalSection(SolutionProperties) = preSolution
		HideSolutionNode = FALSE
	EndGlobalSection
EndGlobal
